// !$*UTF8*$!
{
	archiveVersion = 1;
	classes = {
	};
	objectVersion = 56;
	objects = {

/* Begin PBXBuildFile section */
		60DD96E5297840EF00084F84 /* Swift_VoIPms_SMS_ClientApp.swift in Sources */ = {isa = PBXBuildFile; fileRef = 60DD96E4297840EF00084F84 /* Swift_VoIPms_SMS_ClientApp.swift */; };
		60DD96E7297840EF00084F84 /* ContentView.swift in Sources */ = {isa = PBXBuildFile; fileRef = 60DD96E6297840EF00084F84 /* ContentView.swift */; };
		60DD96E9297840F000084F84 /* Assets.xcassets in Resources */ = {isa = PBXBuildFile; fileRef = 60DD96E8297840F000084F84 /* Assets.xcassets */; };
		60DD96EC297840F000084F84 /* Preview Assets.xcassets in Resources */ = {isa = PBXBuildFile; fileRef = 60DD96EB297840F000084F84 /* Preview Assets.xcassets */; };
		60DD96F42978431100084F84 /* API.swift in Sources */ = {isa = PBXBuildFile; fileRef = 60DD96F32978431100084F84 /* API.swift */; };
		60DD96F6297843BB00084F84 /* Settings.swift in Sources */ = {isa = PBXBuildFile; fileRef = 60DD96F5297843BB00084F84 /* Settings.swift */; };
		60DD96F92978487A00084F84 /* ConversationView.swift in Sources */ = {isa = PBXBuildFile; fileRef = 60DD96F82978487A00084F84 /* ConversationView.swift */; };
		60DD97012982069400084F84 /* Extensions.swift in Sources */ = {isa = PBXBuildFile; fileRef = 60DD97002982069400084F84 /* Extensions.swift */; };
/* End PBXBuildFile section */

/* Begin PBXFileReference section */
		60DD96E1297840EF00084F84 /* Swift-VoIPms-SMS-Client.app */ = {isa = PBXFileReference; explicitFileType = wrapper.application; includeInIndex = 0; path = "Swift-VoIPms-SMS-Client.app"; sourceTree = BUILT_PRODUCTS_DIR; };
		60DD96E4297840EF00084F84 /* Swift_VoIPms_SMS_ClientApp.swift */ = {isa = PBXFileReference; lastKnownFileType = sourcecode.swift; path = Swift_VoIPms_SMS_ClientApp.swift; sourceTree = "<group>"; };
		60DD96E6297840EF00084F84 /* ContentView.swift */ = {isa = PBXFileReference; lastKnownFileType = sourcecode.swift; path = ContentView.swift; sourceTree = "<group>"; };
		60DD96E8297840F000084F84 /* Assets.xcassets */ = {isa = PBXFileReference; lastKnownFileType = folder.assetcatalog; path = Assets.xcassets; sourceTree = "<group>"; };
		60DD96EB297840F000084F84 /* Preview Assets.xcassets */ = {isa = PBXFileReference; lastKnownFileType = folder.assetcatalog; path = "Preview Assets.xcassets"; sourceTree = "<group>"; };
		60DD96F32978431100084F84 /* API.swift */ = {isa = PBXFileReference; lastKnownFileType = sourcecode.swift; path = API.swift; sourceTree = "<group>"; };
		60DD96F5297843BB00084F84 /* Settings.swift */ = {isa = PBXFileReference; lastKnownFileType = sourcecode.swift; path = Settings.swift; sourceTree = "<group>"; };
		60DD96F82978487A00084F84 /* ConversationView.swift */ = {isa = PBXFileReference; lastKnownFileType = sourcecode.swift; path = ConversationView.swift; sourceTree = "<group>"; };
		60DD97002982069400084F84 /* Extensions.swift */ = {isa = PBXFileReference; lastKnownFileType = sourcecode.swift; path = Extensions.swift; sourceTree = "<group>"; };
/* End PBXFileReference section */

/* Begin PBXFrameworksBuildPhase section */
		60DD96DE297840EF00084F84 /* Frameworks */ = {
			isa = PBXFrameworksBuildPhase;
			buildActionMask = 2147483647;
			files = (
			);
			runOnlyForDeploymentPostprocessing = 0;
		};
/* End PBXFrameworksBuildPhase section */

/* Begin PBXGroup section */
		60DD96D8297840EF00084F84 = {
			isa = PBXGroup;
			children = (
				60DD96E3297840EF00084F84 /* Swift-VoIPms-SMS-Client */,
				60DD96E2297840EF00084F84 /* Products */,
			);
			sourceTree = "<group>";
		};
		60DD96E2297840EF00084F84 /* Products */ = {
			isa = PBXGroup;
			children = (
				60DD96E1297840EF00084F84 /* Swift-VoIPms-SMS-Client.app */,
			);
			name = Products;
			sourceTree = "<group>";
		};
		60DD96E3297840EF00084F84 /* Swift-VoIPms-SMS-Client */ = {
			isa = PBXGroup;
			children = (
				60DD96FF2982066500084F84 /* Extensions */,
				60DD96FA29784A8100084F84 /* UI Elements */,
				60DD96F72978486200084F84 /* Views */,
				60DD96F2297842EC00084F84 /* Data Structures */,
				60DD96E4297840EF00084F84 /* Swift_VoIPms_SMS_ClientApp.swift */,
				60DD96E8297840F000084F84 /* Assets.xcassets */,
				60DD96EA297840F000084F84 /* Preview Content */,
			);
			path = "Swift-VoIPms-SMS-Client";
			sourceTree = "<group>";
		};
		60DD96EA297840F000084F84 /* Preview Content */ = {
			isa = PBXGroup;
			children = (
				60DD96EB297840F000084F84 /* Preview Assets.xcassets */,
			);
			path = "Preview Content";
			sourceTree = "<group>";
		};
		60DD96F2297842EC00084F84 /* Data Structures */ = {
			isa = PBXGroup;
			children = (
				60DD96F32978431100084F84 /* API.swift */,
				60DD96F5297843BB00084F84 /* Settings.swift */,
			);
			path = "Data Structures";
			sourceTree = "<group>";
		};
		60DD96F72978486200084F84 /* Views */ = {
			isa = PBXGroup;
			children = (
				60DD96E6297840EF00084F84 /* ContentView.swift */,
				60DD96F82978487A00084F84 /* ConversationView.swift */,
			);
			path = Views;
			sourceTree = "<group>";
		};
		60DD96FA29784A8100084F84 /* UI Elements */ = {
			isa = PBXGroup;
			children = (
			);
			path = "UI Elements";
			sourceTree = "<group>";
		};
		60DD96FF2982066500084F84 /* Extensions */ = {
			isa = PBXGroup;
			children = (
				60DD97002982069400084F84 /* Extensions.swift */,
			);
			path = Extensions;
			sourceTree = "<group>";
		};
/* End PBXGroup section */

/* Begin PBXNativeTarget section */
		60DD96E0297840EF00084F84 /* Swift-VoIPms-SMS-Client */ = {
			isa = PBXNativeTarget;
			buildConfigurationList = 60DD96EF297840F000084F84 /* Build configuration list for PBXNativeTarget "Swift-VoIPms-SMS-Client" */;
			buildPhases = (
				60DD96DD297840EF00084F84 /* Sources */,
				60DD96DE297840EF00084F84 /* Frameworks */,
				60DD96DF297840EF00084F84 /* Resources */,
			);
			buildRules = (
			);
			dependencies = (
			);
			name = "Swift-VoIPms-SMS-Client";
			productName = "Swift-VoIPms-SMS-Client";
			productReference = 60DD96E1297840EF00084F84 /* Swift-VoIPms-SMS-Client.app */;
			productType = "com.apple.product-type.application";
		};
/* End PBXNativeTarget section */

/* Begin PBXProject section */
		60DD96D9297840EF00084F84 /* Project object */ = {
			isa = PBXProject;
			attributes = {
				BuildIndependentTargetsInParallel = 1;
				LastSwiftUpdateCheck = 1400;
				LastUpgradeCheck = 1400;
				TargetAttributes = {
					60DD96E0297840EF00084F84 = {
						CreatedOnToolsVersion = 14.0;
					};
				};
			};
			buildConfigurationList = 60DD96DC297840EF00084F84 /* Build configuration list for PBXProject "Swift-VoIPms-SMS-Client" */;
			compatibilityVersion = "Xcode 14.0";
			developmentRegion = en;
			hasScannedForEncodings = 0;
			knownRegions = (
				en,
				Base,
			);
			mainGroup = 60DD96D8297840EF00084F84;
			productRefGroup = 60DD96E2297840EF00084F84 /* Products */;
			projectDirPath = "";
			projectRoot = "";
			targets = (
				60DD96E0297840EF00084F84 /* Swift-VoIPms-SMS-Client */,
			);
		};
/* End PBXProject section */

/* Begin PBXResourcesBuildPhase section */
		60DD96DF297840EF00084F84 /* Resources */ = {
			isa = PBXResourcesBuildPhase;
			buildActionMask = 2147483647;
			files = (
				60DD96EC297840F000084F84 /* Preview Assets.xcassets in Resources */,
				60DD96E9297840F000084F84 /* Assets.xcassets in Resources */,
			);
			runOnlyForDeploymentPostprocessing = 0;
		};
/* End PBXResourcesBuildPhase section */

/* Begin PBXSourcesBuildPhase section */
		60DD96DD297840EF00084F84 /* Sources */ = {
			isa = PBXSourcesBuildPhase;
			buildActionMask = 2147483647;
			files = (
				60DD96E7297840EF00084F84 /* ContentView.swift in Sources */,
				60DD97012982069400084F84 /* Extensions.swift in Sources */,
				60DD96F42978431100084F84 /* API.swift in Sources */,
				60DD96F6297843BB00084F84 /* Settings.swift in Sources */,
				60DD96E5297840EF00084F84 /* Swift_VoIPms_SMS_ClientApp.swift in Sources */,
				60DD96F92978487A00084F84 /* ConversationView.swift in Sources */,
			);
			runOnlyForDeploymentPostprocessing = 0;
		};
/* End PBXSourcesBuildPhase section */

/* Begin XCBuildConfiguration section */
		60DD96ED297840F000084F84 /* Debug */ = {
			isa = XCBuildConfiguration;
			buildSettings = {
				ALWAYS_SEARCH_USER_PATHS = NO;
				CLANG_ANALYZER_NONNULL = YES;
				CLANG_ANALYZER_NUMBER_OBJECT_CONVERSION = YES_AGGRESSIVE;
				CLANG_CXX_LANGUAGE_STANDARD = "gnu++20";
				CLANG_ENABLE_MODULES = YES;
				CLANG_ENABLE_OBJC_ARC = YES;
				CLANG_ENABLE_OBJC_WEAK = YES;
				CLANG_WARN_BLOCK_CAPTURE_AUTORELEASING = YES;
				CLANG_WARN_BOOL_CONVERSION = YES;
				CLANG_WARN_COMMA = YES;
				CLANG_WARN_CONSTANT_CONVERSION = YES;
				CLANG_WARN_DEPRECATED_OBJC_IMPLEMENTATIONS = YES;
				CLANG_WARN_DIRECT_OBJC_ISA_USAGE = YES_ERROR;
				CLANG_WARN_DOCUMENTATION_COMMENTS = YES;
				CLANG_WARN_EMPTY_BODY = YES;
				CLANG_WARN_ENUM_CONVERSION = YES;
				CLANG_WARN_INFINITE_RECURSION = YES;
				CLANG_WARN_INT_CONVERSION = YES;
				CLANG_WARN_NON_LITERAL_NULL_CONVERSION = YES;
				CLANG_WARN_OBJC_IMPLICIT_RETAIN_SELF = YES;
				CLANG_WARN_OBJC_LITERAL_CONVERSION = YES;
				CLANG_WARN_OBJC_ROOT_CLASS = YES_ERROR;
				CLANG_WARN_QUOTED_INCLUDE_IN_FRAMEWORK_HEADER = YES;
				CLANG_WARN_RANGE_LOOP_ANALYSIS = YES;
				CLANG_WARN_STRICT_PROTOTYPES = YES;
				CLANG_WARN_SUSPICIOUS_MOVE = YES;
				CLANG_WARN_UNGUARDED_AVAILABILITY = YES_AGGRESSIVE;
				CLANG_WARN_UNREACHABLE_CODE = YES;
				CLANG_WARN__DUPLICATE_METHOD_MATCH = YES;
				COPY_PHASE_STRIP = NO;
				DEBUG_INFORMATION_FORMAT = dwarf;
				ENABLE_STRICT_OBJC_MSGSEND = YES;
				ENABLE_TESTABILITY = YES;
				GCC_C_LANGUAGE_STANDARD = gnu11;
				GCC_DYNAMIC_NO_PIC = NO;
				GCC_NO_COMMON_BLOCKS = YES;
				GCC_OPTIMIZATION_LEVEL = 0;
				GCC_PREPROCESSOR_DEFINITIONS = (
					"DEBUG=1",
					"$(inherited)",
				);
				GCC_WARN_64_TO_32_BIT_CONVERSION = YES;
				GCC_WARN_ABOUT_RETURN_TYPE = YES_ERROR;
				GCC_WARN_UNDECLARED_SELECTOR = YES;
				GCC_WARN_UNINITIALIZED_AUTOS = YES_AGGRESSIVE;
				GCC_WARN_UNUSED_FUNCTION = YES;
				GCC_WARN_UNUSED_VARIABLE = YES;
				IPHONEOS_DEPLOYMENT_TARGET = 16.0;
				MTL_ENABLE_DEBUG_INFO = INCLUDE_SOURCE;
				MTL_FAST_MATH = YES;
				ONLY_ACTIVE_ARCH = YES;
				SDKROOT = iphoneos;
				SWIFT_ACTIVE_COMPILATION_CONDITIONS = DEBUG;
				SWIFT_OPTIMIZATION_LEVEL = "-Onone";
			};
			name = Debug;
		};
		60DD96EE297840F000084F84 /* Release */ = {
			isa = XCBuildConfiguration;
			buildSettings = {
				ALWAYS_SEARCH_USER_PATHS = NO;
				CLANG_ANALYZER_NONNULL = YES;
				CLANG_ANALYZER_NUMBER_OBJECT_CONVERSION = YES_AGGRESSIVE;
				CLANG_CXX_LANGUAGE_STANDARD = "gnu++20";
				CLANG_ENABLE_MODULES = YES;
				CLANG_ENABLE_OBJC_ARC = YES;
				CLANG_ENABLE_OBJC_WEAK = YES;
				CLANG_WARN_BLOCK_CAPTURE_AUTORELEASING = YES;
				CLANG_WARN_BOOL_CONVERSION = YES;
				CLANG_WARN_COMMA = YES;
				CLANG_WARN_CONSTANT_CONVERSION = YES;
				CLANG_WARN_DEPRECATED_OBJC_IMPLEMENTATIONS = YES;
				CLANG_WARN_DIRECT_OBJC_ISA_USAGE = YES_ERROR;
				CLANG_WARN_DOCUMENTATION_COMMENTS = YES;
				CLANG_WARN_EMPTY_BODY = YES;
				CLANG_WARN_ENUM_CONVERSION = YES;
				CLANG_WARN_INFINITE_RECURSION = YES;
				CLANG_WARN_INT_CONVERSION = YES;
				CLANG_WARN_NON_LITERAL_NULL_CONVERSION = YES;
				CLANG_WARN_OBJC_IMPLICIT_RETAIN_SELF = YES;
				CLANG_WARN_OBJC_LITERAL_CONVERSION = YES;
				CLANG_WARN_OBJC_ROOT_CLASS = YES_ERROR;
				CLANG_WARN_QUOTED_INCLUDE_IN_FRAMEWORK_HEADER = YES;
				CLANG_WARN_RANGE_LOOP_ANALYSIS = YES;
				CLANG_WARN_STRICT_PROTOTYPES = YES;
				CLANG_WARN_SUSPICIOUS_MOVE = YES;
				CLANG_WARN_UNGUARDED_AVAILABILITY = YES_AGGRESSIVE;
				CLANG_WARN_UNREACHABLE_CODE = YES;
				CLANG_WARN__DUPLICATE_METHOD_MATCH = YES;
				COPY_PHASE_STRIP = NO;
				DEBUG_INFORMATION_FORMAT = "dwarf-with-dsym";
				ENABLE_NS_ASSERTIONS = NO;
				ENABLE_STRICT_OBJC_MSGSEND = YES;
				GCC_C_LANGUAGE_STANDARD = gnu11;
				GCC_NO_COMMON_BLOCKS = YES;
				GCC_WARN_64_TO_32_BIT_CONVERSION = YES;
				GCC_WARN_ABOUT_RETURN_TYPE = YES_ERROR;
				GCC_WARN_UNDECLARED_SELECTOR = YES;
				GCC_WARN_UNINITIALIZED_AUTOS = YES_AGGRESSIVE;
				GCC_WARN_UNUSED_FUNCTION = YES;
				GCC_WARN_UNUSED_VARIABLE = YES;
				IPHONEOS_DEPLOYMENT_TARGET = 16.0;
				MTL_ENABLE_DEBUG_INFO = NO;
				MTL_FAST_MATH = YES;
				SDKROOT = iphoneos;
				SWIFT_COMPILATION_MODE = wholemodule;
				SWIFT_OPTIMIZATION_LEVEL = "-O";
				VALIDATE_PRODUCT = YES;
			};
			name = Release;
		};
		60DD96F0297840F000084F84 /* Debug */ = {
			isa = XCBuildConfiguration;
			buildSettings = {
				ASSETCATALOG_COMPILER_APPICON_NAME = AppIcon;
				ASSETCATALOG_COMPILER_GLOBAL_ACCENT_COLOR_NAME = AccentColor;
				CODE_SIGN_STYLE = Automatic;
				CURRENT_PROJECT_VERSION = 1;
				DEVELOPMENT_ASSET_PATHS = "\"Swift-VoIPms-SMS-Client/Preview Content\"";
				DEVELOPMENT_TEAM = 4SAN7KM5F6;
				ENABLE_PREVIEWS = YES;
				GENERATE_INFOPLIST_FILE = YES;
				INFOPLIST_KEY_UIApplicationSceneManifest_Generation = YES;
				INFOPLIST_KEY_UIApplicationSupportsIndirectInputEvents = YES;
				INFOPLIST_KEY_UILaunchScreen_Generation = YES;
				INFOPLIST_KEY_UISupportedInterfaceOrientations_iPad = "UIInterfaceOrientationPortrait UIInterfaceOrientationPortraitUpsideDown UIInterfaceOrientationLandscapeLeft UIInterfaceOrientationLandscapeRight";
				INFOPLIST_KEY_UISupportedInterfaceOrientations_iPhone = "UIInterfaceOrientationPortrait UIInterfaceOrientationLandscapeLeft UIInterfaceOrientationLandscapeRight";
				LD_RUNPATH_SEARCH_PATHS = (
					"$(inherited)",
					"@executable_path/Frameworks",
				);
				MARKETING_VERSION = 1.0;
				PRODUCT_BUNDLE_IDENTIFIER = "com.GabrielMarmen.Swift-VoIPms-SMS-Client";
				PRODUCT_NAME = "$(TARGET_NAME)";
				SWIFT_EMIT_LOC_STRINGS = YES;
				SWIFT_VERSION = 5.0;
				TARGETED_DEVICE_FAMILY = "1,2";
			};
			name = Debug;
		};
		60DD96F1297840F000084F84 /* Release */ = {
			isa = XCBuildConfiguration;
			buildSettings = {
				ASSETCATALOG_COMPILER_APPICON_NAME = AppIcon;
				ASSETCATALOG_COMPILER_GLOBAL_ACCENT_COLOR_NAME = AccentColor;
				CODE_SIGN_STYLE = Automatic;
				CURRENT_PROJECT_VERSION = 1;
				DEVELOPMENT_ASSET_PATHS = "\"Swift-VoIPms-SMS-Client/Preview Content\"";
				DEVELOPMENT_TEAM = 4SAN7KM5F6;
				ENABLE_PREVIEWS = YES;
				GENERATE_INFOPLIST_FILE = YES;
				INFOPLIST_KEY_UIApplicationSceneManifest_Generation = YES;
				INFOPLIST_KEY_UIApplicationSupportsIndirectInputEvents = YES;
				INFOPLIST_KEY_UILaunchScreen_Generation = YES;
				INFOPLIST_KEY_UISupportedInterfaceOrientations_iPad = "UIInterfaceOrientationPortrait UIInterfaceOrientationPortraitUpsideDown UIInterfaceOrientationLandscapeLeft UIInterfaceOrientationLandscapeRight";
				INFOPLIST_KEY_UISupportedInterfaceOrientations_iPhone = "UIInterfaceOrientationPortrait UIInterfaceOrientationLandscapeLeft UIInterfaceOrientationLandscapeRight";
				LD_RUNPATH_SEARCH_PATHS = (
					"$(inherited)",
					"@executable_path/Frameworks",
				);
				MARKETING_VERSION = 1.0;
				PRODUCT_BUNDLE_IDENTIFIER = "com.GabrielMarmen.Swift-VoIPms-SMS-Client";
				PRODUCT_NAME = "$(TARGET_NAME)";
				SWIFT_EMIT_LOC_STRINGS = YES;
				SWIFT_VERSION = 5.0;
				TARGETED_DEVICE_FAMILY = "1,2";
			};
			name = Release;
		};
/* End XCBuildConfiguration section */

/* Begin XCConfigurationList section */
		60DD96DC297840EF00084F84 /* Build configuration list for PBXProject "Swift-VoIPms-SMS-Client" */ = {
			isa = XCConfigurationList;
			buildConfigurations = (
				60DD96ED297840F000084F84 /* Debug */,
				60DD96EE297840F000084F84 /* Release */,
			);
			defaultConfigurationIsVisible = 0;
			defaultConfigurationName = Release;
		};
		60DD96EF297840F000084F84 /* Build configuration list for PBXNativeTarget "Swift-VoIPms-SMS-Client" */ = {
			isa = XCConfigurationList;
			buildConfigurations = (
				60DD96F0297840F000084F84 /* Debug */,
				60DD96F1297840F000084F84 /* Release */,
			);
			defaultConfigurationIsVisible = 0;
			defaultConfigurationName = Release;
		};
/* End XCConfigurationList section */
	};
	rootObject = 60DD96D9297840EF00084F84 /* Project object */;
}
